
Microsoft Visual Studio Solution File, Format Version 12.00
# Visual Studio Version 17
VisualStudioVersion = 17.10.34928.147
MinimumVisualStudioVersion = 10.0.40219.1
Project("{FAE04EC0-301F-11D3-BF4B-00C04F79EFBC}") = "Events", "Events\Events.csproj", "{7301A184-F0D4-4546-9F1C-BA73878F4CF8}"
EndProject
Project("{FAE04EC0-301F-11D3-BF4B-00C04F79EFBC}") = "EventClasses", "EventClasses\EventClasses.csproj", "{74975570-F08E-4787-A324-543A1A68F7ED}"
EndProject
Global
	GlobalSection(SolutionConfigurationPlatforms) = preSolution
		Debug|Any CPU = Debug|Any CPU
		Release|Any CPU = Release|Any CPU
	EndGlobalSection
	GlobalSection(ProjectConfigurationPlatforms) = postSolution
		{7301A184-F0D4-4546-9F1C-BA73878F4CF8}.Debug|Any CPU.ActiveCfg = Debug|Any CPU
		{7301A184-F0D4-4546-9F1C-BA73878F4CF8}.Debug|Any CPU.Build.0 = Debug|Any CPU
		{7301A184-F0D4-4546-9F1C-BA73878F4CF8}.Release|Any CPU.ActiveCfg = Release|Any CPU
		{7301A184-F0D4-4546-9F1C-BA73878F4CF8}.Release|Any CPU.Build.0 = Release|Any CPU
		{74975570-F08E-4787-A324-543A1A68F7ED}.Debug|Any CPU.ActiveCfg = Debug|Any CPU
		{74975570-F08E-4787-A324-543A1A68F7ED}.Debug|Any CPU.Build.0 = Debug|Any CPU
		{74975570-F08E-4787-A324-543A1A68F7ED}.Release|Any CPU.ActiveCfg = Release|Any CPU
		{74975570-F08E-4787-A324-543A1A68F7ED}.Release|Any CPU.Build.0 = Release|Any CPU
	EndGlobalSection
	GlobalSection(SolutionProperties) = preSolution
		HideSolutionNode = FALSE
	EndGlobalSection
	GlobalSection(ExtensibilityGlobals) = postSolution
		SolutionGuid = {4A798839-7977-4B62-A2EE-B248350C34B4}
	EndGlobalSection
EndGlobal
