
Microsoft Visual Studio Solution File, Format Version 12.00
# Visual Studio Version 17
VisualStudioVersion = 17.10.34928.147
MinimumVisualStudioVersion = 10.0.40219.1
Project("{FAE04EC0-301F-11D3-BF4B-00C04F79EFBC}") = "MSTest", "MSTest\MSTest.csproj", "{8FC5EB8D-25BF-4204-9A9D-E69AA4078821}"
EndProject
Global
	GlobalSection(SolutionConfigurationPlatforms) = preSolution
		Debug|Any CPU = Debug|Any CPU
		Release|Any CPU = Release|Any CPU
	EndGlobalSection
	GlobalSection(ProjectConfigurationPlatforms) = postSolution
		{8FC5EB8D-25BF-4204-9A9D-E69AA4078821}.Debug|Any CPU.ActiveCfg = Debug|Any CPU
		{8FC5EB8D-25BF-4204-9A9D-E69AA4078821}.Debug|Any CPU.Build.0 = Debug|Any CPU
		{8FC5EB8D-25BF-4204-9A9D-E69AA4078821}.Release|Any CPU.ActiveCfg = Release|Any CPU
		{8FC5EB8D-25BF-4204-9A9D-E69AA4078821}.Release|Any CPU.Build.0 = Release|Any CPU
	EndGlobalSection
	GlobalSection(SolutionProperties) = preSolution
		HideSolutionNode = FALSE
	EndGlobalSection
	GlobalSection(ExtensibilityGlobals) = postSolution
		SolutionGuid = {AA1B41D2-7D45-491B-A76C-EB066ACD311D}
	EndGlobalSection
EndGlobal
